// !$*UTF8*$!
{
	archiveVersion = 1;
	classes = {
	};
	objectVersion = 50;
	objects = {

/* Begin PBXBuildFile section */
		F32FB3C4263C60000034706A /* libabsl_x86_64.a in Frameworks */ = {isa = PBXBuildFile; fileRef = F32FB3C3263C60000034706A /* libabsl_x86_64.a */; };
		F33242A52639CED0000B85F9 /* main.cpp in Sources */ = {isa = PBXBuildFile; fileRef = F33242A42639CED0000B85F9 /* main.cpp */; };
		F33242B3263A0BE7000B85F9 /* QuartzCore.framework in Frameworks */ = {isa = PBXBuildFile; fileRef = F33242B2263A0BE7000B85F9 /* QuartzCore.framework */; };
		F33242C4263A0E16000B85F9 /* libryu.a in Frameworks */ = {isa = PBXBuildFile; fileRef = F33242C3263A0E16000B85F9 /* libryu.a */; };
/* End PBXBuildFile section */

/* Begin PBXCopyFilesBuildPhase section */
		F332429F2639CED0000B85F9 /* CopyFiles */ = {
			isa = PBXCopyFilesBuildPhase;
			buildActionMask = 2147483647;
			dstPath = /usr/share/man/man1/;
			dstSubfolderSpec = 0;
			files = (
			);
			runOnlyForDeploymentPostprocessing = 1;
		};
/* End PBXCopyFilesBuildPhase section */

/* Begin PBXFileReference section */
		F32FB3C3263C60000034706A /* libabsl_x86_64.a */ = {isa = PBXFileReference; lastKnownFileType = archive.ar; path = libabsl_x86_64.a; sourceTree = "<group>"; };
		F32FB3C6263C88AE0034706A /* numtostrs_big.h */ = {isa = PBXFileReference; lastKnownFileType = sourcecode.c.h; path = numtostrs_big.h; sourceTree = "<group>"; };
		F33242A12639CED0000B85F9 /* floats */ = {isa = PBXFileReference; explicitFileType = "compiled.mach-o.executable"; includeInIndex = 0; path = floats; sourceTree = BUILT_PRODUCTS_DIR; };
		F33242A42639CED0000B85F9 /* main.cpp */ = {isa = PBXFileReference; lastKnownFileType = sourcecode.cpp.cpp; path = main.cpp; sourceTree = "<group>"; };
		F33242AC2639D93F000B85F9 /* floats.h */ = {isa = PBXFileReference; lastKnownFileType = sourcecode.c.h; path = floats.h; sourceTree = "<group>"; };
		F33242AE2639D970000B85F9 /* pows.h */ = {isa = PBXFileReference; lastKnownFileType = sourcecode.c.h; path = pows.h; sourceTree = "<group>"; };
		F33242B2263A0BE7000B85F9 /* QuartzCore.framework */ = {isa = PBXFileReference; lastKnownFileType = wrapper.framework; name = QuartzCore.framework; path = System/Library/Frameworks/QuartzCore.framework; sourceTree = SDKROOT; };
		F33242C0263A0DF7000B85F9 /* ryu.h */ = {isa = PBXFileReference; lastKnownFileType = sourcecode.c.h; path = ryu.h; sourceTree = "<group>"; };
		F33242C3263A0E16000B85F9 /* libryu.a */ = {isa = PBXFileReference; lastKnownFileType = archive.ar; path = libryu.a; sourceTree = "<group>"; };
		F33242C6263B0101000B85F9 /* pairs.h */ = {isa = PBXFileReference; lastKnownFileType = sourcecode.c.h; path = pairs.h; sourceTree = "<group>"; };
		F33242C7263B09D0000B85F9 /* pow2topow10.h */ = {isa = PBXFileReference; lastKnownFileType = sourcecode.c.h; path = pow2topow10.h; sourceTree = "<group>"; };
		F33242C9263B1CE8000B85F9 /* numtostrs.h */ = {isa = PBXFileReference; lastKnownFileType = sourcecode.c.h; path = numtostrs.h; sourceTree = "<group>"; };
/* End PBXFileReference section */

/* Begin PBXFrameworksBuildPhase section */
		F332429E2639CED0000B85F9 /* Frameworks */ = {
			isa = PBXFrameworksBuildPhase;
			buildActionMask = 2147483647;
			files = (
				F33242C4263A0E16000B85F9 /* libryu.a in Frameworks */,
				F33242B3263A0BE7000B85F9 /* QuartzCore.framework in Frameworks */,
				F32FB3C4263C60000034706A /* libabsl_x86_64.a in Frameworks */,
			);
			runOnlyForDeploymentPostprocessing = 0;
		};
/* End PBXFrameworksBuildPhase section */

/* Begin PBXGroup section */
		F33242982639CED0000B85F9 = {
			isa = PBXGroup;
			children = (
				F33242A32639CED0000B85F9 /* floats */,
				F33242A22639CED0000B85F9 /* Products */,
				F33242B1263A0BE7000B85F9 /* Frameworks */,
			);
			sourceTree = "<group>";
		};
		F33242A22639CED0000B85F9 /* Products */ = {
			isa = PBXGroup;
			children = (
				F33242A12639CED0000B85F9 /* floats */,
			);
			name = Products;
			sourceTree = "<group>";
		};
		F33242A32639CED0000B85F9 /* floats */ = {
			isa = PBXGroup;
			children = (
				F33242C3263A0E16000B85F9 /* libryu.a */,
				F32FB3C3263C60000034706A /* libabsl_x86_64.a */,
				F33242C0263A0DF7000B85F9 /* ryu.h */,
				F33242A42639CED0000B85F9 /* main.cpp */,
				F33242AC2639D93F000B85F9 /* floats.h */,
				F33242AE2639D970000B85F9 /* pows.h */,
				F33242C6263B0101000B85F9 /* pairs.h */,
				F33242C7263B09D0000B85F9 /* pow2topow10.h */,
				F33242C9263B1CE8000B85F9 /* numtostrs.h */,
				F32FB3C6263C88AE0034706A /* numtostrs_big.h */,
			);
			path = floats;
			sourceTree = "<group>";
		};
		F33242B1263A0BE7000B85F9 /* Frameworks */ = {
			isa = PBXGroup;
			children = (
				F33242B2263A0BE7000B85F9 /* QuartzCore.framework */,
			);
			name = Frameworks;
			sourceTree = "<group>";
		};
/* End PBXGroup section */

/* Begin PBXNativeTarget section */
		F33242A02639CED0000B85F9 /* floats */ = {
			isa = PBXNativeTarget;
			buildConfigurationList = F33242A82639CED0000B85F9 /* Build configuration list for PBXNativeTarget "floats" */;
			buildPhases = (
				F332429D2639CED0000B85F9 /* Sources */,
				F332429E2639CED0000B85F9 /* Frameworks */,
				F332429F2639CED0000B85F9 /* CopyFiles */,
			);
			buildRules = (
			);
			dependencies = (
			);
			name = floats;
			productName = floats;
			productReference = F33242A12639CED0000B85F9 /* floats */;
			productType = "com.apple.product-type.tool";
		};
/* End PBXNativeTarget section */

/* Begin PBXProject section */
		F33242992639CED0000B85F9 /* Project object */ = {
			isa = PBXProject;
			attributes = {
				LastUpgradeCheck = 1240;
				TargetAttributes = {
					F33242A02639CED0000B85F9 = {
						CreatedOnToolsVersion = 12.4;
					};
				};
			};
			buildConfigurationList = F332429C2639CED0000B85F9 /* Build configuration list for PBXProject "floats" */;
			compatibilityVersion = "Xcode 9.3";
			developmentRegion = en;
			hasScannedForEncodings = 0;
			knownRegions = (
				en,
				Base,
			);
			mainGroup = F33242982639CED0000B85F9;
			productRefGroup = F33242A22639CED0000B85F9 /* Products */;
			projectDirPath = "";
			projectRoot = "";
			targets = (
				F33242A02639CED0000B85F9 /* floats */,
			);
		};
/* End PBXProject section */

/* Begin PBXSourcesBuildPhase section */
		F332429D2639CED0000B85F9 /* Sources */ = {
			isa = PBXSourcesBuildPhase;
			buildActionMask = 2147483647;
			files = (
				F33242A52639CED0000B85F9 /* main.cpp in Sources */,
			);
			runOnlyForDeploymentPostprocessing = 0;
		};
/* End PBXSourcesBuildPhase section */

/* Begin XCBuildConfiguration section */
		F33242A62639CED0000B85F9 /* Debug */ = {
			isa = XCBuildConfiguration;
			buildSettings = {
				ALWAYS_SEARCH_USER_PATHS = NO;
				CLANG_ANALYZER_NONNULL = YES;
				CLANG_ANALYZER_NUMBER_OBJECT_CONVERSION = YES_AGGRESSIVE;
				CLANG_CXX_LANGUAGE_STANDARD = "gnu++14";
				CLANG_CXX_LIBRARY = "libc++";
				CLANG_ENABLE_MODULES = YES;
				CLANG_ENABLE_OBJC_ARC = YES;
				CLANG_ENABLE_OBJC_WEAK = YES;
				CLANG_WARN_BLOCK_CAPTURE_AUTORELEASING = YES;
				CLANG_WARN_BOOL_CONVERSION = YES;
				CLANG_WARN_COMMA = YES;
				CLANG_WARN_CONSTANT_CONVERSION = YES;
				CLANG_WARN_DEPRECATED_OBJC_IMPLEMENTATIONS = YES;
				CLANG_WARN_DIRECT_OBJC_ISA_USAGE = YES_ERROR;
				CLANG_WARN_DOCUMENTATION_COMMENTS = YES;
				CLANG_WARN_EMPTY_BODY = YES;
				CLANG_WARN_ENUM_CONVERSION = YES;
				CLANG_WARN_INFINITE_RECURSION = YES;
				CLANG_WARN_INT_CONVERSION = YES;
				CLANG_WARN_NON_LITERAL_NULL_CONVERSION = YES;
				CLANG_WARN_OBJC_IMPLICIT_RETAIN_SELF = YES;
				CLANG_WARN_OBJC_LITERAL_CONVERSION = YES;
				CLANG_WARN_OBJC_ROOT_CLASS = YES_ERROR;
				CLANG_WARN_QUOTED_INCLUDE_IN_FRAMEWORK_HEADER = YES;
				CLANG_WARN_RANGE_LOOP_ANALYSIS = YES;
				CLANG_WARN_STRICT_PROTOTYPES = YES;
				CLANG_WARN_SUSPICIOUS_MOVE = YES;
				CLANG_WARN_UNGUARDED_AVAILABILITY = YES_AGGRESSIVE;
				CLANG_WARN_UNREACHABLE_CODE = YES;
				CLANG_WARN__DUPLICATE_METHOD_MATCH = YES;
				COPY_PHASE_STRIP = NO;
				DEBUG_INFORMATION_FORMAT = dwarf;
				ENABLE_STRICT_OBJC_MSGSEND = YES;
				ENABLE_TESTABILITY = YES;
				GCC_C_LANGUAGE_STANDARD = gnu11;
				GCC_DYNAMIC_NO_PIC = NO;
				GCC_NO_COMMON_BLOCKS = YES;
				GCC_OPTIMIZATION_LEVEL = 0;
				GCC_PREPROCESSOR_DEFINITIONS = (
					"DEBUG=1",
					"$(inherited)",
				);
				GCC_WARN_64_TO_32_BIT_CONVERSION = YES;
				GCC_WARN_ABOUT_RETURN_TYPE = YES_ERROR;
				GCC_WARN_UNDECLARED_SELECTOR = YES;
				GCC_WARN_UNINITIALIZED_AUTOS = YES_AGGRESSIVE;
				GCC_WARN_UNUSED_FUNCTION = YES;
				GCC_WARN_UNUSED_VARIABLE = YES;
				MACOSX_DEPLOYMENT_TARGET = 11.1;
				MTL_ENABLE_DEBUG_INFO = INCLUDE_SOURCE;
				MTL_FAST_MATH = YES;
				ONLY_ACTIVE_ARCH = YES;
				SDKROOT = macosx;
			};
			name = Debug;
		};
		F33242A72639CED0000B85F9 /* Release */ = {
			isa = XCBuildConfiguration;
			buildSettings = {
				ALWAYS_SEARCH_USER_PATHS = NO;
				CLANG_ANALYZER_NONNULL = YES;
				CLANG_ANALYZER_NUMBER_OBJECT_CONVERSION = YES_AGGRESSIVE;
				CLANG_CXX_LANGUAGE_STANDARD = "gnu++14";
				CLANG_CXX_LIBRARY = "libc++";
				CLANG_ENABLE_MODULES = YES;
				CLANG_ENABLE_OBJC_ARC = YES;
				CLANG_ENABLE_OBJC_WEAK = YES;
				CLANG_WARN_BLOCK_CAPTURE_AUTORELEASING = YES;
				CLANG_WARN_BOOL_CONVERSION = YES;
				CLANG_WARN_COMMA = YES;
				CLANG_WARN_CONSTANT_CONVERSION = YES;
				CLANG_WARN_DEPRECATED_OBJC_IMPLEMENTATIONS = YES;
				CLANG_WARN_DIRECT_OBJC_ISA_USAGE = YES_ERROR;
				CLANG_WARN_DOCUMENTATION_COMMENTS = YES;
				CLANG_WARN_EMPTY_BODY = YES;
				CLANG_WARN_ENUM_CONVERSION = YES;
				CLANG_WARN_INFINITE_RECURSION = YES;
				CLANG_WARN_INT_CONVERSION = YES;
				CLANG_WARN_NON_LITERAL_NULL_CONVERSION = YES;
				CLANG_WARN_OBJC_IMPLICIT_RETAIN_SELF = YES;
				CLANG_WARN_OBJC_LITERAL_CONVERSION = YES;
				CLANG_WARN_OBJC_ROOT_CLASS = YES_ERROR;
				CLANG_WARN_QUOTED_INCLUDE_IN_FRAMEWORK_HEADER = YES;
				CLANG_WARN_RANGE_LOOP_ANALYSIS = YES;
				CLANG_WARN_STRICT_PROTOTYPES = YES;
				CLANG_WARN_SUSPICIOUS_MOVE = YES;
				CLANG_WARN_UNGUARDED_AVAILABILITY = YES_AGGRESSIVE;
				CLANG_WARN_UNREACHABLE_CODE = YES;
				CLANG_WARN__DUPLICATE_METHOD_MATCH = YES;
				COPY_PHASE_STRIP = NO;
				DEBUG_INFORMATION_FORMAT = "dwarf-with-dsym";
				ENABLE_NS_ASSERTIONS = NO;
				ENABLE_STRICT_OBJC_MSGSEND = YES;
				GCC_C_LANGUAGE_STANDARD = gnu11;
				GCC_NO_COMMON_BLOCKS = YES;
				GCC_WARN_64_TO_32_BIT_CONVERSION = YES;
				GCC_WARN_ABOUT_RETURN_TYPE = YES_ERROR;
				GCC_WARN_UNDECLARED_SELECTOR = YES;
				GCC_WARN_UNINITIALIZED_AUTOS = YES_AGGRESSIVE;
				GCC_WARN_UNUSED_FUNCTION = YES;
				GCC_WARN_UNUSED_VARIABLE = YES;
				MACOSX_DEPLOYMENT_TARGET = 11.1;
				MTL_ENABLE_DEBUG_INFO = NO;
				MTL_FAST_MATH = YES;
				SDKROOT = macosx;
			};
			name = Release;
		};
		F33242A92639CED0000B85F9 /* Debug */ = {
			isa = XCBuildConfiguration;
			buildSettings = {
				CLANG_X86_VECTOR_INSTRUCTIONS = avx2;
				CODE_SIGN_STYLE = Automatic;
				DEVELOPMENT_TEAM = F53BR3BJXH;
				ENABLE_HARDENED_RUNTIME = YES;
				LIBRARY_SEARCH_PATHS = (
					"$(inherited)",
					"$(PROJECT_DIR)/floats",
				);
				PRODUCT_NAME = "$(TARGET_NAME)";
				USER_HEADER_SEARCH_PATHS = "/Users/meisel/projects/abseil-cpp";
			};
			name = Debug;
		};
		F33242AA2639CED0000B85F9 /* Release */ = {
			isa = XCBuildConfiguration;
			buildSettings = {
				CLANG_X86_VECTOR_INSTRUCTIONS = avx2;
				CODE_SIGN_STYLE = Automatic;
				DEVELOPMENT_TEAM = F53BR3BJXH;
				ENABLE_HARDENED_RUNTIME = YES;
				LIBRARY_SEARCH_PATHS = (
					"$(inherited)",
					"$(PROJECT_DIR)/floats",
				);
				ONLY_ACTIVE_ARCH = YES;
				PRODUCT_NAME = "$(TARGET_NAME)";
				USER_HEADER_SEARCH_PATHS = "/Users/meisel/projects/abseil-cpp";
			};
			name = Release;
		};
/* End XCBuildConfiguration section */

/* Begin XCConfigurationList section */
		F332429C2639CED0000B85F9 /* Build configuration list for PBXProject "floats" */ = {
			isa = XCConfigurationList;
			buildConfigurations = (
				F33242A62639CED0000B85F9 /* Debug */,
				F33242A72639CED0000B85F9 /* Release */,
			);
			defaultConfigurationIsVisible = 0;
			defaultConfigurationName = Release;
		};
		F33242A82639CED0000B85F9 /* Build configuration list for PBXNativeTarget "floats" */ = {
			isa = XCConfigurationList;
			buildConfigurations = (
				F33242A92639CED0000B85F9 /* Debug */,
				F33242AA2639CED0000B85F9 /* Release */,
			);
			defaultConfigurationIsVisible = 0;
			defaultConfigurationName = Release;
		};
/* End XCConfigurationList section */
	};
	rootObject = F33242992639CED0000B85F9 /* Project object */;
}
